
Microsoft Visual Studio Solution File, Format Version 12.00
# Visual Studio Version 17
VisualStudioVersion = 17.11.35327.3
MinimumVisualStudioVersion = 10.0.40219.1
Project("{FAE04EC0-301F-11D3-BF4B-00C04F79EFBC}") = "ByteBasket", "ByteBasket.csproj", "{86A7C027-224A-49CB-981F-7C918BC72A0E}"
EndProject
Global
	GlobalSection(SolutionConfigurationPlatforms) = preSolution
		Debug|Any CPU = Debug|Any CPU
		Release|Any CPU = Release|Any CPU
	EndGlobalSection
	GlobalSection(ProjectConfigurationPlatforms) = postSolution
		{86A7C027-224A-49CB-981F-7C918BC72A0E}.Debug|Any CPU.ActiveCfg = Debug|Any CPU
		{86A7C027-224A-49CB-981F-7C918BC72A0E}.Debug|Any CPU.Build.0 = Debug|Any CPU
		{86A7C027-224A-49CB-981F-7C918BC72A0E}.Release|Any CPU.ActiveCfg = Release|Any CPU
		{86A7C027-224A-49CB-981F-7C918BC72A0E}.Release|Any CPU.Build.0 = Release|Any CPU
	EndGlobalSection
	GlobalSection(SolutionProperties) = preSolution
		HideSolutionNode = FALSE
	EndGlobalSection
	GlobalSection(ExtensibilityGlobals) = postSolution
		SolutionGuid = {F7ECFD78-933A-4A13-8396-E3F2333C4A9B}
	EndGlobalSection
EndGlobal
